{
  "name": "backend",
  "version": "1.0.0",
  "lockfileVersion": 3,
  "requires": true,
  "packages": {
    "": {
      "name": "backend",
      "version": "1.0.0",
      "license": "ISC",
      "dependencies": {
        "@ai-sdk/google": "^2.0.46",
        "ai": "^5.0.113",
        "chromadb": "^3.1.7",
        "dotenv": "^17.2.3"
      }
    },
    "node_modules/@ai-sdk/gateway": {
      "version": "2.0.21",
      "resolved": "https://registry.npmjs.org/@ai-sdk/gateway/-/gateway-2.0.21.tgz",
      "integrity": "sha512-BwV7DU/lAm3Xn6iyyvZdWgVxgLu3SNXzl5y57gMvkW4nGhAOV5269IrJzQwGt03bb107sa6H6uJwWxc77zXoGA==",
      "license": "Apache-2.0",
      "dependencies": {
        "@ai-sdk/provider": "2.0.0",
        "@ai-sdk/provider-utils": "3.0.19",
        "@vercel/oidc": "3.0.5"
      },
      "engines": {
        "node": ">=18"
      },
      "peerDependencies": {
        "zod": "^3.25.76 || ^4.1.8"
      }
    },
    "node_modules/@ai-sdk/google": {
      "version": "2.0.46",
      "resolved": "https://registry.npmjs.org/@ai-sdk/google/-/google-2.0.46.tgz",
      "integrity": "sha512-8PK6u4sGE/kXebd7ZkTp+0aya4kNqzoqpS5m7cHY2NfTK6fhPc6GNvE+MZIZIoHQTp5ed86wGBdeBPpFaaUtyg==",
      "license": "Apache-2.0",
      "dependencies": {
        "@ai-sdk/provider": "2.0.0",
        "@ai-sdk/provider-utils": "3.0.19"
      },
      "engines": {
        "node": ">=18"
      },
      "peerDependencies": {
        "zod": "^3.25.76 || ^4.1.8"
      }
    },
    "node_modules/@ai-sdk/provider": {
      "version": "2.0.0",
      "resolved": "https://registry.npmjs.org/@ai-sdk/provider/-/provider-2.0.0.tgz",
      "integrity": "sha512-6o7Y2SeO9vFKB8lArHXehNuusnpddKPk7xqL7T2/b+OvXMRIXUO1rR4wcv1hAFUAT9avGZshty3Wlua/XA7TvA==",
      "license": "Apache-2.0",
      "dependencies": {
        "json-schema": "^0.4.0"
      },
      "engines": {
        "node": ">=18"
      }
    },
    "node_modules/@ai-sdk/provider-utils": {
      "version": "3.0.19",
      "resolved": "https://registry.npmjs.org/@ai-sdk/provider-utils/-/provider-utils-3.0.19.tgz",
      "integrity": "sha512-W41Wc9/jbUVXVwCN/7bWa4IKe8MtxO3EyA0Hfhx6grnmiYlCvpI8neSYWFE0zScXJkgA/YK3BRybzgyiXuu6JA==",
      "license": "Apache-2.0",
      "dependencies": {
        "@ai-sdk/provider": "2.0.0",
        "@standard-schema/spec": "^1.0.0",
        "eventsource-parser": "^3.0.6"
      },
      "engines": {
        "node": ">=18"
      },
      "peerDependencies": {
        "zod": "^3.25.76 || ^4.1.8"
      }
    },
    "node_modules/@opentelemetry/api": {
      "version": "1.9.0",
      "resolved": "https://registry.npmjs.org/@opentelemetry/api/-/api-1.9.0.tgz",
      "integrity": "sha512-3giAOQvZiH5F9bMlMiv8+GSPMeqg0dbaeo58/0SlA9sxSqZhnUtxzX9/2FzyhS9sWQf5S0GJE0AKBrFqjpeYcg==",
      "license": "Apache-2.0",
      "engines": {
        "node": ">=8.0.0"
      }
    },
    "node_modules/@standard-schema/spec": {
      "version": "1.0.0",
      "resolved": "https://registry.npmjs.org/@standard-schema/spec/-/spec-1.0.0.tgz",
      "integrity": "sha512-m2bOd0f2RT9k8QJx1JN85cZYyH1RqFBdlwtkSlf4tBDYLCiiZnv1fIIwacK6cqwXavOydf0NPToMQgpKq+dVlA==",
      "license": "MIT"
    },
    "node_modules/@vercel/oidc": {
      "version": "3.0.5",
      "resolved": "https://registry.npmjs.org/@vercel/oidc/-/oidc-3.0.5.tgz",
      "integrity": "sha512-fnYhv671l+eTTp48gB4zEsTW/YtRgRPnkI2nT7x6qw5rkI1Lq2hTmQIpHPgyThI0znLK+vX2n9XxKdXZ7BUbbw==",
      "license": "Apache-2.0",
      "engines": {
        "node": ">= 20"
      }
    },
    "node_modules/ai": {
      "version": "5.0.113",
      "resolved": "https://registry.npmjs.org/ai/-/ai-5.0.113.tgz",
      "integrity": "sha512-26vivpSO/mzZj0k1Si2IpsFspp26ttQICHRySQiMrtWcRd5mnJMX2a8sG28vmZ38C+JUn1cWmfZrsLMxkSMw9g==",
      "license": "Apache-2.0",
      "dependencies": {
        "@ai-sdk/gateway": "2.0.21",
        "@ai-sdk/provider": "2.0.0",
        "@ai-sdk/provider-utils": "3.0.19",
        "@opentelemetry/api": "1.9.0"
      },
      "engines": {
        "node": ">=18"
      },
      "peerDependencies": {
        "zod": "^3.25.76 || ^4.1.8"
      }
    },
    "node_modules/chromadb": {
      "version": "3.1.7",
      "resolved": "https://registry.npmjs.org/chromadb/-/chromadb-3.1.7.tgz",
      "integrity": "sha512-auEmkrm/dDc5VEMdqCoLfn87KVpzqU6VmUbvugE6P+q0bh4b2q2BIvBaA7qFMNObPY03VEBYvioQaevry66V4g==",
      "license": "Apache-2.0",
      "dependencies": {
        "semver": "^7.7.1"
      },
      "bin": {
        "chroma": "dist/cli.mjs"
      },
      "engines": {
        "node": ">=20"
      },
      "optionalDependencies": {
        "chromadb-js-bindings-darwin-arm64": "^1.1.1",
        "chromadb-js-bindings-darwin-x64": "^1.1.1",
        "chromadb-js-bindings-linux-arm64-gnu": "^1.1.1",
        "chromadb-js-bindings-linux-x64-gnu": "^1.1.1",
        "chromadb-js-bindings-win32-x64-msvc": "^1.1.1"
      }
    },
    "node_modules/chromadb-js-bindings-darwin-arm64": {
      "version": "1.1.3",
      "resolved": "https://registry.npmjs.org/chromadb-js-bindings-darwin-arm64/-/chromadb-js-bindings-darwin-arm64-1.1.3.tgz",
      "integrity": "sha512-UfP4+MIyooUKWvrOtJrx3cvX89epX4j95P63G25Nb+qRB204q62WTh8OIEE1eQ7u+QKIevdAHB6y3J9+L/4mGg==",
      "cpu": [
        "arm64"
      ],
      "license": "MIT",
      "optional": true,
      "os": [
        "darwin"
      ],
      "engines": {
        "node": ">= 10"
      }
    },
    "node_modules/chromadb-js-bindings-darwin-x64": {
      "version": "1.1.1",
      "resolved": "https://registry.npmjs.org/chromadb-js-bindings-darwin-x64/-/chromadb-js-bindings-darwin-x64-1.1.1.tgz",
      "integrity": "sha512-2DYK5Ho1RjdPN4vXcdSO3u3/uU5L2RbpFuZ2/QvJYkGb2fLBecqA5YWUh9hOmu+HSWcKuFDi4fRuYj59irgQCg==",
      "cpu": [
        "x64"
      ],
      "license": "MIT",
      "optional": true,
      "os": [
        "darwin"
      ],
      "engines": {
        "node": ">= 10"
      }
    },
    "node_modules/chromadb-js-bindings-linux-arm64-gnu": {
      "version": "1.1.1",
      "resolved": "https://registry.npmjs.org/chromadb-js-bindings-linux-arm64-gnu/-/chromadb-js-bindings-linux-arm64-gnu-1.1.1.tgz",
      "integrity": "sha512-XkSEgJWbSN+grOpUy0LVoEHzhX3FiBDrxVHrWiEW4RqkMLfzUQMEfE/Qw78wSkfuIuIESxMYeh5PVjtBVv+8/g==",
      "cpu": [
        "arm64"
      ],
      "license": "MIT",
      "optional": true,
      "os": [
        "linux"
      ],
      "engines": {
        "node": ">= 10"
      }
    },
    "node_modules/chromadb-js-bindings-linux-x64-gnu": {
      "version": "1.1.1",
      "resolved": "https://registry.npmjs.org/chromadb-js-bindings-linux-x64-gnu/-/chromadb-js-bindings-linux-x64-gnu-1.1.1.tgz",
      "integrity": "sha512-RcvBcECbUcFXlFM2httdGc+3wmkI76tD9iGS0H9npEhz4LyLvdXKBK8CZtw67hsHCH09KklKw4ITkSS85pHVbA==",
      "cpu": [
        "x64"
      ],
      "license": "MIT",
      "optional": true,
      "os": [
        "linux"
      ],
      "engines": {
        "node": ">= 10"
      }
    },
    "node_modules/chromadb-js-bindings-win32-x64-msvc": {
      "version": "1.1.1",
      "resolved": "https://registry.npmjs.org/chromadb-js-bindings-win32-x64-msvc/-/chromadb-js-bindings-win32-x64-msvc-1.1.1.tgz",
      "integrity": "sha512-296SxWNwsmvP+1Ggkl72norTFLOivoXhGu0t5mXNIbd7yd2UodntvAvG2cheTHDCL/ILbox4u+6KHNvRxHgm6A==",
      "cpu": [
        "x64"
      ],
      "license": "MIT",
      "optional": true,
      "os": [
        "win32"
      ],
      "engines": {
        "node": ">= 10"
      }
    },
    "node_modules/dotenv": {
      "version": "17.2.3",
      "resolved": "https://registry.npmjs.org/dotenv/-/dotenv-17.2.3.tgz",
      "integrity": "sha512-JVUnt+DUIzu87TABbhPmNfVdBDt18BLOWjMUFJMSi/Qqg7NTYtabbvSNJGOJ7afbRuv9D/lngizHtP7QyLQ+9w==",
      "license": "BSD-2-Clause",
      "engines": {
        "node": ">=12"
      },
      "funding": {
        "url": "https://dotenvx.com"
      }
    },
    "node_modules/eventsource-parser": {
      "version": "3.0.6",
      "resolved": "https://registry.npmjs.org/eventsource-parser/-/eventsource-parser-3.0.6.tgz",
      "integrity": "sha512-Vo1ab+QXPzZ4tCa8SwIHJFaSzy4R6SHf7BY79rFBDf0idraZWAkYrDjDj8uWaSm3S2TK+hJ7/t1CEmZ7jXw+pg==",
      "license": "MIT",
      "engines": {
        "node": ">=18.0.0"
      }
    },
    "node_modules/json-schema": {
      "version": "0.4.0",
      "resolved": "https://registry.npmjs.org/json-schema/-/json-schema-0.4.0.tgz",
      "integrity": "sha512-es94M3nTIfsEPisRafak+HDLfHXnKBhV3vU5eqPcS3flIWqcxJWgXHXiey3YrpaNsanY5ei1VoYEbOzijuq9BA==",
      "license": "(AFL-2.1 OR BSD-3-Clause)"
    },
    "node_modules/semver": {
      "version": "7.7.3",
      "resolved": "https://registry.npmjs.org/semver/-/semver-7.7.3.tgz",
      "integrity": "sha512-SdsKMrI9TdgjdweUSR9MweHA4EJ8YxHn8DFaDisvhVlUOe4BF1tLD7GAj0lIqWVl+dPb/rExr0Btby5loQm20Q==",
      "license": "ISC",
      "bin": {
        "semver": "bin/semver.js"
      },
      "engines": {
        "node": ">=10"
      }
    },
    "node_modules/zod": {
      "version": "4.1.13",
      "resolved": "https://registry.npmjs.org/zod/-/zod-4.1.13.tgz",
      "integrity": "sha512-AvvthqfqrAhNH9dnfmrfKzX5upOdjUVJYFqNSlkmGf64gRaTzlPwz99IHYnVs28qYAybvAlBV+H7pn0saFY4Ig==",
      "license": "MIT",
      "peer": true,
      "funding": {
        "url": "https://github.com/sponsors/colinhacks"
      }
    }
  }
}
